
Microsoft Visual Studio Solution File, Format Version 12.00
# Visual Studio 15
Project("{FAE04EC0-301F-11D3-BF4B-00C04F79EFBC}") = "CustomPickMe.Android", "CustomPickMe.Android\CustomPickMe.Android.csproj", "{5FE890C5-DF29-4725-88C2-A82BF50A5A2E}"
EndProject
Project("{FAE04EC0-301F-11D3-BF4B-00C04F79EFBC}") = "CustomPickMe.iOS", "CustomPickMe.iOS\CustomPickMe.iOS.csproj", "{5A3B2C29-4E92-4966-A7BE-8C62F79728F1}"
EndProject
Project("{FAE04EC0-301F-11D3-BF4B-00C04F79EFBC}") = "CustomPickMe", "CustomPickMe\CustomPickMe.csproj", "{D4B63DFB-5A14-409B-B4A6-79E2A2772813}"
EndProject
Global
	GlobalSection(SolutionConfigurationPlatforms) = preSolution
		Debug|Any CPU = Debug|Any CPU
		Release|Any CPU = Release|Any CPU
		Debug|iPhoneSimulator = Debug|iPhoneSimulator
		Release|iPhoneSimulator = Release|iPhoneSimulator
		Debug|iPhone = Debug|iPhone
		Release|iPhone = Release|iPhone
	EndGlobalSection
	GlobalSection(ProjectConfigurationPlatforms) = postSolution
		{5FE890C5-DF29-4725-88C2-A82BF50A5A2E}.Debug|Any CPU.ActiveCfg = Debug|Any CPU
		{5FE890C5-DF29-4725-88C2-A82BF50A5A2E}.Debug|Any CPU.Build.0 = Debug|Any CPU
		{5FE890C5-DF29-4725-88C2-A82BF50A5A2E}.Release|Any CPU.ActiveCfg = Release|Any CPU
		{5FE890C5-DF29-4725-88C2-A82BF50A5A2E}.Release|Any CPU.Build.0 = Release|Any CPU
		{5FE890C5-DF29-4725-88C2-A82BF50A5A2E}.Debug|iPhoneSimulator.ActiveCfg = Debug|Any CPU
		{5FE890C5-DF29-4725-88C2-A82BF50A5A2E}.Debug|iPhoneSimulator.Build.0 = Debug|Any CPU
		{5FE890C5-DF29-4725-88C2-A82BF50A5A2E}.Release|iPhoneSimulator.ActiveCfg = Release|Any CPU
		{5FE890C5-DF29-4725-88C2-A82BF50A5A2E}.Release|iPhoneSimulator.Build.0 = Release|Any CPU
		{5FE890C5-DF29-4725-88C2-A82BF50A5A2E}.Debug|iPhone.ActiveCfg = Debug|Any CPU
		{5FE890C5-DF29-4725-88C2-A82BF50A5A2E}.Debug|iPhone.Build.0 = Debug|Any CPU
		{5FE890C5-DF29-4725-88C2-A82BF50A5A2E}.Release|iPhone.ActiveCfg = Release|Any CPU
		{5FE890C5-DF29-4725-88C2-A82BF50A5A2E}.Release|iPhone.Build.0 = Release|Any CPU
		{5A3B2C29-4E92-4966-A7BE-8C62F79728F1}.Debug|Any CPU.ActiveCfg = Debug|iPhoneSimulator
		{5A3B2C29-4E92-4966-A7BE-8C62F79728F1}.Debug|Any CPU.Build.0 = Debug|iPhoneSimulator
		{5A3B2C29-4E92-4966-A7BE-8C62F79728F1}.Release|Any CPU.ActiveCfg = Release|iPhoneSimulator
		{5A3B2C29-4E92-4966-A7BE-8C62F79728F1}.Release|Any CPU.Build.0 = Release|iPhoneSimulator
		{5A3B2C29-4E92-4966-A7BE-8C62F79728F1}.Debug|iPhoneSimulator.ActiveCfg = Debug|iPhoneSimulator
		{5A3B2C29-4E92-4966-A7BE-8C62F79728F1}.Debug|iPhoneSimulator.Build.0 = Debug|iPhoneSimulator
		{5A3B2C29-4E92-4966-A7BE-8C62F79728F1}.Release|iPhoneSimulator.ActiveCfg = Release|iPhoneSimulator
		{5A3B2C29-4E92-4966-A7BE-8C62F79728F1}.Release|iPhoneSimulator.Build.0 = Release|iPhoneSimulator
		{5A3B2C29-4E92-4966-A7BE-8C62F79728F1}.Debug|iPhone.ActiveCfg = Debug|iPhone
		{5A3B2C29-4E92-4966-A7BE-8C62F79728F1}.Debug|iPhone.Build.0 = Debug|iPhone
		{5A3B2C29-4E92-4966-A7BE-8C62F79728F1}.Release|iPhone.ActiveCfg = Release|iPhone
		{5A3B2C29-4E92-4966-A7BE-8C62F79728F1}.Release|iPhone.Build.0 = Release|iPhone
		{D4B63DFB-5A14-409B-B4A6-79E2A2772813}.Debug|Any CPU.ActiveCfg = Debug|Any CPU
		{D4B63DFB-5A14-409B-B4A6-79E2A2772813}.Debug|Any CPU.Build.0 = Debug|Any CPU
		{D4B63DFB-5A14-409B-B4A6-79E2A2772813}.Release|Any CPU.ActiveCfg = Release|Any CPU
		{D4B63DFB-5A14-409B-B4A6-79E2A2772813}.Release|Any CPU.Build.0 = Release|Any CPU
		{D4B63DFB-5A14-409B-B4A6-79E2A2772813}.Debug|iPhoneSimulator.ActiveCfg = Debug|Any CPU
		{D4B63DFB-5A14-409B-B4A6-79E2A2772813}.Debug|iPhoneSimulator.Build.0 = Debug|Any CPU
		{D4B63DFB-5A14-409B-B4A6-79E2A2772813}.Release|iPhoneSimulator.ActiveCfg = Release|Any CPU
		{D4B63DFB-5A14-409B-B4A6-79E2A2772813}.Release|iPhoneSimulator.Build.0 = Release|Any CPU
		{D4B63DFB-5A14-409B-B4A6-79E2A2772813}.Debug|iPhone.ActiveCfg = Debug|Any CPU
		{D4B63DFB-5A14-409B-B4A6-79E2A2772813}.Debug|iPhone.Build.0 = Debug|Any CPU
		{D4B63DFB-5A14-409B-B4A6-79E2A2772813}.Release|iPhone.ActiveCfg = Release|Any CPU
		{D4B63DFB-5A14-409B-B4A6-79E2A2772813}.Release|iPhone.Build.0 = Release|Any CPU
	EndGlobalSection
EndGlobal
